
Microsoft Visual Studio Solution File, Format Version 12.00
# Visual Studio 2013
VisualStudioVersion = 12.0.30110.0
MinimumVisualStudioVersion = 10.0.40219.1
Project("{FAE04EC0-301F-11D3-BF4B-00C04F79EFBC}") = "MSBuild.Community.Architecture.Tasks", "MSBuild.Community.Architecture.Tasks\MSBuild.Community.Architecture.Tasks.csproj", "{43B0F0B8-F687-41B7-B207-4149A87EA8F1}"
EndProject
Project("{FAE04EC0-301F-11D3-BF4B-00C04F79EFBC}") = "TaskTester", "TaskTester\TaskTester.csproj", "{20FEAA50-2A4E-48B8-86AF-FBF827F03C87}"
EndProject
Global
	GlobalSection(SolutionConfigurationPlatforms) = preSolution
		Debug|Any CPU = Debug|Any CPU
		Release|Any CPU = Release|Any CPU
	EndGlobalSection
	GlobalSection(ProjectConfigurationPlatforms) = postSolution
		{43B0F0B8-F687-41B7-B207-4149A87EA8F1}.Debug|Any CPU.ActiveCfg = Debug|Any CPU
		{43B0F0B8-F687-41B7-B207-4149A87EA8F1}.Debug|Any CPU.Build.0 = Debug|Any CPU
		{43B0F0B8-F687-41B7-B207-4149A87EA8F1}.Release|Any CPU.ActiveCfg = Release|Any CPU
		{43B0F0B8-F687-41B7-B207-4149A87EA8F1}.Release|Any CPU.Build.0 = Release|Any CPU
		{20FEAA50-2A4E-48B8-86AF-FBF827F03C87}.Debug|Any CPU.ActiveCfg = Debug|Any CPU
		{20FEAA50-2A4E-48B8-86AF-FBF827F03C87}.Debug|Any CPU.Build.0 = Debug|Any CPU
		{20FEAA50-2A4E-48B8-86AF-FBF827F03C87}.Release|Any CPU.ActiveCfg = Release|Any CPU
		{20FEAA50-2A4E-48B8-86AF-FBF827F03C87}.Release|Any CPU.Build.0 = Release|Any CPU
	EndGlobalSection
	GlobalSection(SolutionProperties) = preSolution
		HideSolutionNode = FALSE
	EndGlobalSection
EndGlobal
